# THIS IS AN AUTOGENERATED FILE. DO NOT EDIT THIS FILE DIRECTLY.
# yarn lockfile v1


swagger-ui-dist@^3.11.0:
  version "3.19.5"
  resolved "https://registry.yarnpkg.com/swagger-ui-dist/-/swagger-ui-dist-3.19.5.tgz#70803b36cff131e9292e273d8b80a714e05dbade"
  integrity sha512-v/5bcyGLtlTa+kD6dUXNqH+ceIWX+LWUd6P9nCP91/6o8iVAWztJ9ecDxqmznMJ1tZhIhnxx/3Lcf9KB7/RbJQ==
